
Microsoft Visual Studio Solution File, Format Version 12.00
# Visual Studio Version 17
VisualStudioVersion = 17.13.35931.197
MinimumVisualStudioVersion = 10.0.40219.1
Project("{2150E333-8FDC-42A3-9474-1A3956D46DE8}") = "AuthService", "AuthService", "{36D591C7-65C7-A0D1-1CBC-10CDE441BDC8}"
EndProject
Project("{2150E333-8FDC-42A3-9474-1A3956D46DE8}") = "ChatService", "ChatService", "{8763EB3A-A905-49BB-9C88-A50E9F844BA8}"
EndProject
Project("{2150E333-8FDC-42A3-9474-1A3956D46DE8}") = "NotificationService", "NotificationService", "{4716025B-BB3F-43EE-BD08-18EA78FE8868}"
EndProject
Project("{2150E333-8FDC-42A3-9474-1A3956D46DE8}") = "Gateway", "Gateway", "{83B70929-8439-4CD9-A66B-AA529429C8C0}"
EndProject
Project("{2150E333-8FDC-42A3-9474-1A3956D46DE8}") = "SharedLib", "SharedLib", "{690C495A-E6BD-44F9-A89B-44B1A04785AE}"
EndProject
Project("{FAE04EC0-301F-11D3-BF4B-00C04F79EFBC}") = "ChatEcoSystem.Auth.Api", "AuthService\ChatEcoSystem.Auth.Api\ChatEcoSystem.Auth.Api.csproj", "{67F024A8-17C7-4528-9C21-18E3CF8EC849}"
EndProject
Project("{FAE04EC0-301F-11D3-BF4B-00C04F79EFBC}") = "ChatEcoSystem.Auth.Logic", "AuthService\ChatEcoSystem.Auth.Logic\ChatEcoSystem.Auth.Logic.csproj", "{16CFA38B-A8B6-4A22-8888-04A0DB689CBD}"
EndProject
Project("{FAE04EC0-301F-11D3-BF4B-00C04F79EFBC}") = "ChatEcoSystem.SharedLib.Abstractions", "SharedLib\ChatEcoSystem.SharedLib.Abstractions\ChatEcoSystem.SharedLib.Abstractions.csproj", "{52FA43FC-7AAB-4158-8228-FEAD1B23D656}"
EndProject
Project("{FAE04EC0-301F-11D3-BF4B-00C04F79EFBC}") = "ChatEcoSystem.SharedLib.Contracts", "SharedLib\ChatEcoSystem.SharedLib.Contracts\ChatEcoSystem.SharedLib.Contracts.csproj", "{76D5094E-2152-4D92-B6C6-35063FD59AA1}"
EndProject
Project("{2150E333-8FDC-42A3-9474-1A3956D46DE8}") = "Элементы решения", "Элементы решения", "{754FC069-D67B-A9D7-50A1-8D1CA196D8F1}"
	ProjectSection(SolutionItems) = preProject
		auth-service.env = auth-service.env
		chat-service.env = chat-service.env
		docker-compose.yml = docker-compose.yml
		mssql.env = mssql.env
		notification-service.env = notification-service.env
	EndProjectSection
EndProject
Project("{FAE04EC0-301F-11D3-BF4B-00C04F79EFBC}") = "ChatEcoSystem.Chat.Api", "ChatService\ChatEcoSystem.Chat.Api\ChatEcoSystem.Chat.Api.csproj", "{1FF55D5F-BF53-4DBF-8EAA-FC0EBAF2A768}"
EndProject
Project("{FAE04EC0-301F-11D3-BF4B-00C04F79EFBC}") = "ChatEcoSystem.Chat.Logic", "ChatService\ChatEcoSystem.Chat.Logic\ChatEcoSystem.Chat.Logic.csproj", "{E47CFDA0-F8E4-4A54-95CD-BE48CCE85142}"
EndProject
Project("{FAE04EC0-301F-11D3-BF4B-00C04F79EFBC}") = "ChatEcoSystem.Notification.Worker", "NotificationService\ChatEcoSystem.Notification.Worker\ChatEcoSystem.Notification.Worker.csproj", "{E7E62966-6BB8-4C63-A12C-C25B78321CD9}"
EndProject
Project("{FAE04EC0-301F-11D3-BF4B-00C04F79EFBC}") = "ChatEcoSystem.Notification.Logic", "NotificationService\ChatEcoSystem.Notification.Logic\ChatEcoSystem.Notification.Logic.csproj", "{94B3CB20-58B5-4C5F-A63E-9E9F3D2DC5D1}"
EndProject
Global
	GlobalSection(SolutionConfigurationPlatforms) = preSolution
		Debug|Any CPU = Debug|Any CPU
		Release|Any CPU = Release|Any CPU
	EndGlobalSection
	GlobalSection(ProjectConfigurationPlatforms) = postSolution
		{67F024A8-17C7-4528-9C21-18E3CF8EC849}.Debug|Any CPU.ActiveCfg = Debug|Any CPU
		{67F024A8-17C7-4528-9C21-18E3CF8EC849}.Debug|Any CPU.Build.0 = Debug|Any CPU
		{67F024A8-17C7-4528-9C21-18E3CF8EC849}.Release|Any CPU.ActiveCfg = Release|Any CPU
		{67F024A8-17C7-4528-9C21-18E3CF8EC849}.Release|Any CPU.Build.0 = Release|Any CPU
		{16CFA38B-A8B6-4A22-8888-04A0DB689CBD}.Debug|Any CPU.ActiveCfg = Debug|Any CPU
		{16CFA38B-A8B6-4A22-8888-04A0DB689CBD}.Debug|Any CPU.Build.0 = Debug|Any CPU
		{16CFA38B-A8B6-4A22-8888-04A0DB689CBD}.Release|Any CPU.ActiveCfg = Release|Any CPU
		{16CFA38B-A8B6-4A22-8888-04A0DB689CBD}.Release|Any CPU.Build.0 = Release|Any CPU
		{52FA43FC-7AAB-4158-8228-FEAD1B23D656}.Debug|Any CPU.ActiveCfg = Debug|Any CPU
		{52FA43FC-7AAB-4158-8228-FEAD1B23D656}.Debug|Any CPU.Build.0 = Debug|Any CPU
		{52FA43FC-7AAB-4158-8228-FEAD1B23D656}.Release|Any CPU.ActiveCfg = Release|Any CPU
		{52FA43FC-7AAB-4158-8228-FEAD1B23D656}.Release|Any CPU.Build.0 = Release|Any CPU
		{76D5094E-2152-4D92-B6C6-35063FD59AA1}.Debug|Any CPU.ActiveCfg = Debug|Any CPU
		{76D5094E-2152-4D92-B6C6-35063FD59AA1}.Debug|Any CPU.Build.0 = Debug|Any CPU
		{76D5094E-2152-4D92-B6C6-35063FD59AA1}.Release|Any CPU.ActiveCfg = Release|Any CPU
		{76D5094E-2152-4D92-B6C6-35063FD59AA1}.Release|Any CPU.Build.0 = Release|Any CPU
		{1FF55D5F-BF53-4DBF-8EAA-FC0EBAF2A768}.Debug|Any CPU.ActiveCfg = Debug|Any CPU
		{1FF55D5F-BF53-4DBF-8EAA-FC0EBAF2A768}.Debug|Any CPU.Build.0 = Debug|Any CPU
		{1FF55D5F-BF53-4DBF-8EAA-FC0EBAF2A768}.Release|Any CPU.ActiveCfg = Release|Any CPU
		{1FF55D5F-BF53-4DBF-8EAA-FC0EBAF2A768}.Release|Any CPU.Build.0 = Release|Any CPU
		{E47CFDA0-F8E4-4A54-95CD-BE48CCE85142}.Debug|Any CPU.ActiveCfg = Debug|Any CPU
		{E47CFDA0-F8E4-4A54-95CD-BE48CCE85142}.Debug|Any CPU.Build.0 = Debug|Any CPU
		{E47CFDA0-F8E4-4A54-95CD-BE48CCE85142}.Release|Any CPU.ActiveCfg = Release|Any CPU
		{E47CFDA0-F8E4-4A54-95CD-BE48CCE85142}.Release|Any CPU.Build.0 = Release|Any CPU
		{E7E62966-6BB8-4C63-A12C-C25B78321CD9}.Debug|Any CPU.ActiveCfg = Debug|Any CPU
		{E7E62966-6BB8-4C63-A12C-C25B78321CD9}.Debug|Any CPU.Build.0 = Debug|Any CPU
		{E7E62966-6BB8-4C63-A12C-C25B78321CD9}.Release|Any CPU.ActiveCfg = Release|Any CPU
		{E7E62966-6BB8-4C63-A12C-C25B78321CD9}.Release|Any CPU.Build.0 = Release|Any CPU
		{94B3CB20-58B5-4C5F-A63E-9E9F3D2DC5D1}.Debug|Any CPU.ActiveCfg = Debug|Any CPU
		{94B3CB20-58B5-4C5F-A63E-9E9F3D2DC5D1}.Debug|Any CPU.Build.0 = Debug|Any CPU
		{94B3CB20-58B5-4C5F-A63E-9E9F3D2DC5D1}.Release|Any CPU.ActiveCfg = Release|Any CPU
		{94B3CB20-58B5-4C5F-A63E-9E9F3D2DC5D1}.Release|Any CPU.Build.0 = Release|Any CPU
	EndGlobalSection
	GlobalSection(SolutionProperties) = preSolution
		HideSolutionNode = FALSE
	EndGlobalSection
	GlobalSection(NestedProjects) = preSolution
		{67F024A8-17C7-4528-9C21-18E3CF8EC849} = {36D591C7-65C7-A0D1-1CBC-10CDE441BDC8}
		{16CFA38B-A8B6-4A22-8888-04A0DB689CBD} = {36D591C7-65C7-A0D1-1CBC-10CDE441BDC8}
		{52FA43FC-7AAB-4158-8228-FEAD1B23D656} = {690C495A-E6BD-44F9-A89B-44B1A04785AE}
		{76D5094E-2152-4D92-B6C6-35063FD59AA1} = {690C495A-E6BD-44F9-A89B-44B1A04785AE}
		{1FF55D5F-BF53-4DBF-8EAA-FC0EBAF2A768} = {8763EB3A-A905-49BB-9C88-A50E9F844BA8}
		{E47CFDA0-F8E4-4A54-95CD-BE48CCE85142} = {8763EB3A-A905-49BB-9C88-A50E9F844BA8}
		{E7E62966-6BB8-4C63-A12C-C25B78321CD9} = {4716025B-BB3F-43EE-BD08-18EA78FE8868}
		{94B3CB20-58B5-4C5F-A63E-9E9F3D2DC5D1} = {4716025B-BB3F-43EE-BD08-18EA78FE8868}
	EndGlobalSection
	GlobalSection(ExtensibilityGlobals) = postSolution
		SolutionGuid = {27DCCE69-A643-4C7E-9047-B049A8A80020}
	EndGlobalSection
EndGlobal
